
Microsoft Visual Studio Solution File, Format Version 12.00
# Visual Studio Version 17
VisualStudioVersion = 17.9.34728.123
MinimumVisualStudioVersion = 10.0.40219.1
Project("{FAE04EC0-301F-11D3-BF4B-00C04F79EFBC}") = "FakeApp", "FakeApp\FakeApp.csproj", "{1731CEFB-D5B3-4312-A607-9087C2063B1C}"
EndProject
Global
	GlobalSection(SolutionConfigurationPlatforms) = preSolution
		Debug|Any CPU = Debug|Any CPU
		Release|Any CPU = Release|Any CPU
	EndGlobalSection
	GlobalSection(ProjectConfigurationPlatforms) = postSolution
		{1731CEFB-D5B3-4312-A607-9087C2063B1C}.Debug|Any CPU.ActiveCfg = Debug|Any CPU
		{1731CEFB-D5B3-4312-A607-9087C2063B1C}.Debug|Any CPU.Build.0 = Debug|Any CPU
		{1731CEFB-D5B3-4312-A607-9087C2063B1C}.Release|Any CPU.ActiveCfg = Release|Any CPU
		{1731CEFB-D5B3-4312-A607-9087C2063B1C}.Release|Any CPU.Build.0 = Release|Any CPU
	EndGlobalSection
	GlobalSection(SolutionProperties) = preSolution
		HideSolutionNode = FALSE
	EndGlobalSection
	GlobalSection(ExtensibilityGlobals) = postSolution
		SolutionGuid = {2BF4DD20-7927-4462-8198-483BC00D52A2}
	EndGlobalSection
EndGlobal
